# THIS IS AN AUTOGENERATED FILE. DO NOT EDIT THIS FILE DIRECTLY.
# yarn lockfile v1


"@rollup/plugin-alias@^3.1.9":
  version "3.1.9"
  resolved "https://registry.npmmirror.com/@rollup/plugin-alias/-/plugin-alias-3.1.9.tgz#a5d267548fe48441f34be8323fb64d1d4a1b3fdf"
  integrity sha512-QI5fsEvm9bDzt32k39wpOwZhVzRcL5ydcffUHMyLVaVaLeC70I8TJZ17F1z1eMoLu4E/UOcH9BWVkKpIKdrfiw==
  dependencies:
    slash "^3.0.0"

"@types/uni-app@^1.4.4":
  version "1.4.4"
  resolved "https://registry.npmmirror.com/@types/uni-app/-/uni-app-1.4.4.tgz"
  integrity sha512-ZTXnrCTblZyoLIoKbTv1Whz1nxrTcM7vg0qGXzDpXP8m9MqdjKt48N3FffQT1IsJWNkxbvJ1Eg5UHDaq+k+oBQ==
  dependencies:
    vue "^2.6.8"

slash@^3.0.0:
  version "3.0.0"
  resolved "https://registry.npmmirror.com/slash/-/slash-3.0.0.tgz#6539be870c165adbd5240220dbe361f1bc4d4634"
  integrity sha512-g9Q1haeby36OSStwb4ntCGGGaKsaVSjQ68fBxoQcutl5fS1vuY18H3wSt3jFyFtrkx+Kz0V1G85A4MyAdDMi2Q==

vue@^2.6.8:
  version "2.6.14"
  resolved "https://registry.npmmirror.com/vue/-/vue-2.6.14.tgz"
  integrity sha512-x2284lgYvjOMj3Za7kqzRcUSxBboHqtgRE2zlos1qWaOye5yUmHn42LB1250NJBLRwEcdrB0JRwyPTEPhfQjiQ==
